// !$*UTF8*$!
{
	archiveVersion = 1;
	classes = {
	};
	objectVersion = 55;
	objects = {

/* Begin PBXBuildFile section */
		BB03169927779B8300FB108B /* TradingJournalApp.swift in Sources */ = {isa = PBXBuildFile; fileRef = BB03169827779B8300FB108B /* TradingJournalApp.swift */; };
		BB03169D27779B8500FB108B /* Assets.xcassets in Resources */ = {isa = PBXBuildFile; fileRef = BB03169C27779B8500FB108B /* Assets.xcassets */; };
		BB0316A027779B8500FB108B /* Preview Assets.xcassets in Resources */ = {isa = PBXBuildFile; fileRef = BB03169F27779B8500FB108B /* Preview Assets.xcassets */; };
		BB0316A927779DEE00FB108B /* PreviewProvider.swift in Sources */ = {isa = PBXBuildFile; fileRef = BB0316A827779DEE00FB108B /* PreviewProvider.swift */; };
		BB0316AF27780CB200FB108B /* OptionTrades.xcdatamodeld in Sources */ = {isa = PBXBuildFile; fileRef = BB0316AD27780CB200FB108B /* OptionTrades.xcdatamodeld */; };
		BB0316B227780DAF00FB108B /* OptionTradeService.swift in Sources */ = {isa = PBXBuildFile; fileRef = BB0316B127780DAF00FB108B /* OptionTradeService.swift */; };
		BB0316B72778118800FB108B /* OptionTradeRowView.swift in Sources */ = {isa = PBXBuildFile; fileRef = BB0316B62778118800FB108B /* OptionTradeRowView.swift */; };
		BB0316B9277811B400FB108B /* OptionTradeViewModel.swift in Sources */ = {isa = PBXBuildFile; fileRef = BB0316B8277811B400FB108B /* OptionTradeViewModel.swift */; };
		BB0316BB2778265400FB108B /* Date.swift in Sources */ = {isa = PBXBuildFile; fileRef = BB0316BA2778265300FB108B /* Date.swift */; };
		BB0316BD277827F000FB108B /* Calender.swift in Sources */ = {isa = PBXBuildFile; fileRef = BB0316BC277827F000FB108B /* Calender.swift */; };
		BB0316BF2778292C00FB108B /* Double.swift in Sources */ = {isa = PBXBuildFile; fileRef = BB0316BE2778292C00FB108B /* Double.swift */; };
		BB0316C1277838A800FB108B /* OptionTradeView.swift in Sources */ = {isa = PBXBuildFile; fileRef = BB0316C0277838A800FB108B /* OptionTradeView.swift */; };
		BB0316C327783BEA00FB108B /* AddNewOptionView.swift in Sources */ = {isa = PBXBuildFile; fileRef = BB0316C227783BEA00FB108B /* AddNewOptionView.swift */; };
		BB0316C5277850BD00FB108B /* OptionDetailView.swift in Sources */ = {isa = PBXBuildFile; fileRef = BB0316C4277850BD00FB108B /* OptionDetailView.swift */; };
		BB0316CB277853A000FB108B /* OptionDetailViewModel.swift in Sources */ = {isa = PBXBuildFile; fileRef = BB0316CA277853A000FB108B /* OptionDetailViewModel.swift */; };
		BB0316CD27797AEA00FB108B /* Color.swift in Sources */ = {isa = PBXBuildFile; fileRef = BB0316CC27797AEA00FB108B /* Color.swift */; };
		BB0316CF2779812100FB108B /* CloseTradeView.swift in Sources */ = {isa = PBXBuildFile; fileRef = BB0316CE2779812100FB108B /* CloseTradeView.swift */; };
		BB22E18F277BE9B4005853F2 /* HapticManager.swift in Sources */ = {isa = PBXBuildFile; fileRef = BB22E18E277BE9B4005853F2 /* HapticManager.swift */; };
		BB22E192277BEDE4005853F2 /* TabBarView.swift in Sources */ = {isa = PBXBuildFile; fileRef = BB22E191277BEDE4005853F2 /* TabBarView.swift */; };
		BB22E194277BEE01005853F2 /* TabBarItems.swift in Sources */ = {isa = PBXBuildFile; fileRef = BB22E193277BEE01005853F2 /* TabBarItems.swift */; };
		BB22E197277BEFAC005853F2 /* BackgroundModifier.swift in Sources */ = {isa = PBXBuildFile; fileRef = BB22E196277BEFAC005853F2 /* BackgroundModifier.swift */; };
		BB22E19F277C06EF005853F2 /* CircularProgressView.swift in Sources */ = {isa = PBXBuildFile; fileRef = BB22E19E277C06EF005853F2 /* CircularProgressView.swift */; };
		BB22E1A4277C0790005853F2 /* CircularProgressModel.swift in Sources */ = {isa = PBXBuildFile; fileRef = BB22E1A3277C0790005853F2 /* CircularProgressModel.swift */; };
		BB22E1A6277C0AAC005853F2 /* CircularProgressGridView.swift in Sources */ = {isa = PBXBuildFile; fileRef = BB22E1A5277C0AAC005853F2 /* CircularProgressGridView.swift */; };
		BB22E1AC277C0C52005853F2 /* StatisticsContainerView.swift in Sources */ = {isa = PBXBuildFile; fileRef = BB22E1AB277C0C52005853F2 /* StatisticsContainerView.swift */; };
		BB22E1AE277C0CD7005853F2 /* StatisticsViewModel.swift in Sources */ = {isa = PBXBuildFile; fileRef = BB22E1AD277C0CD7005853F2 /* StatisticsViewModel.swift */; };
		BB22E1B3277C13CF005853F2 /* StatsModel.swift in Sources */ = {isa = PBXBuildFile; fileRef = BB22E1B2277C13CF005853F2 /* StatsModel.swift */; };
		BB22E1B5277C146E005853F2 /* StatsView.swift in Sources */ = {isa = PBXBuildFile; fileRef = BB22E1B4277C146E005853F2 /* StatsView.swift */; };
		BB22E1B7277C15AE005853F2 /* StatsGridView.swift in Sources */ = {isa = PBXBuildFile; fileRef = BB22E1B6277C15AE005853F2 /* StatsGridView.swift */; };
/* End PBXBuildFile section */

/* Begin PBXFileReference section */
		BB03169527779B8300FB108B /* TradingJournal.app */ = {isa = PBXFileReference; explicitFileType = wrapper.application; includeInIndex = 0; path = TradingJournal.app; sourceTree = BUILT_PRODUCTS_DIR; };
		BB03169827779B8300FB108B /* TradingJournalApp.swift */ = {isa = PBXFileReference; lastKnownFileType = sourcecode.swift; path = TradingJournalApp.swift; sourceTree = "<group>"; };
		BB03169C27779B8500FB108B /* Assets.xcassets */ = {isa = PBXFileReference; lastKnownFileType = folder.assetcatalog; path = Assets.xcassets; sourceTree = "<group>"; };
		BB03169F27779B8500FB108B /* Preview Assets.xcassets */ = {isa = PBXFileReference; lastKnownFileType = folder.assetcatalog; path = "Preview Assets.xcassets"; sourceTree = "<group>"; };
		BB0316A827779DEE00FB108B /* PreviewProvider.swift */ = {isa = PBXFileReference; lastKnownFileType = sourcecode.swift; path = PreviewProvider.swift; sourceTree = "<group>"; };
		BB0316AE27780CB200FB108B /* OptionTrades.xcdatamodel */ = {isa = PBXFileReference; lastKnownFileType = wrapper.xcdatamodel; path = OptionTrades.xcdatamodel; sourceTree = "<group>"; };
		BB0316B127780DAF00FB108B /* OptionTradeService.swift */ = {isa = PBXFileReference; lastKnownFileType = sourcecode.swift; path = OptionTradeService.swift; sourceTree = "<group>"; };
		BB0316B62778118800FB108B /* OptionTradeRowView.swift */ = {isa = PBXFileReference; lastKnownFileType = sourcecode.swift; path = OptionTradeRowView.swift; sourceTree = "<group>"; };
		BB0316B8277811B400FB108B /* OptionTradeViewModel.swift */ = {isa = PBXFileReference; lastKnownFileType = sourcecode.swift; path = OptionTradeViewModel.swift; sourceTree = "<group>"; };
		BB0316BA2778265300FB108B /* Date.swift */ = {isa = PBXFileReference; lastKnownFileType = sourcecode.swift; path = Date.swift; sourceTree = "<group>"; };
		BB0316BC277827F000FB108B /* Calender.swift */ = {isa = PBXFileReference; lastKnownFileType = sourcecode.swift; path = Calender.swift; sourceTree = "<group>"; };
		BB0316BE2778292C00FB108B /* Double.swift */ = {isa = PBXFileReference; lastKnownFileType = sourcecode.swift; path = Double.swift; sourceTree = "<group>"; };
		BB0316C0277838A800FB108B /* OptionTradeView.swift */ = {isa = PBXFileReference; lastKnownFileType = sourcecode.swift; path = OptionTradeView.swift; sourceTree = "<group>"; };
		BB0316C227783BEA00FB108B /* AddNewOptionView.swift */ = {isa = PBXFileReference; lastKnownFileType = sourcecode.swift; path = AddNewOptionView.swift; sourceTree = "<group>"; };
		BB0316C4277850BD00FB108B /* OptionDetailView.swift */ = {isa = PBXFileReference; lastKnownFileType = sourcecode.swift; path = OptionDetailView.swift; sourceTree = "<group>"; };
		BB0316CA277853A000FB108B /* OptionDetailViewModel.swift */ = {isa = PBXFileReference; lastKnownFileType = sourcecode.swift; path = OptionDetailViewModel.swift; sourceTree = "<group>"; };
		BB0316CC27797AEA00FB108B /* Color.swift */ = {isa = PBXFileReference; lastKnownFileType = sourcecode.swift; path = Color.swift; sourceTree = "<group>"; };
		BB0316CE2779812100FB108B /* CloseTradeView.swift */ = {isa = PBXFileReference; lastKnownFileType = sourcecode.swift; path = CloseTradeView.swift; sourceTree = "<group>"; };
		BB22E18E277BE9B4005853F2 /* HapticManager.swift */ = {isa = PBXFileReference; lastKnownFileType = sourcecode.swift; path = HapticManager.swift; sourceTree = "<group>"; };
		BB22E191277BEDE4005853F2 /* TabBarView.swift */ = {isa = PBXFileReference; lastKnownFileType = sourcecode.swift; path = TabBarView.swift; sourceTree = "<group>"; };
		BB22E193277BEE01005853F2 /* TabBarItems.swift */ = {isa = PBXFileReference; lastKnownFileType = sourcecode.swift; path = TabBarItems.swift; sourceTree = "<group>"; };
		BB22E196277BEFAC005853F2 /* BackgroundModifier.swift */ = {isa = PBXFileReference; lastKnownFileType = sourcecode.swift; path = BackgroundModifier.swift; sourceTree = "<group>"; };
		BB22E19E277C06EF005853F2 /* CircularProgressView.swift */ = {isa = PBXFileReference; lastKnownFileType = sourcecode.swift; path = CircularProgressView.swift; sourceTree = "<group>"; };
		BB22E1A3277C0790005853F2 /* CircularProgressModel.swift */ = {isa = PBXFileReference; lastKnownFileType = sourcecode.swift; path = CircularProgressModel.swift; sourceTree = "<group>"; };
		BB22E1A5277C0AAC005853F2 /* CircularProgressGridView.swift */ = {isa = PBXFileReference; lastKnownFileType = sourcecode.swift; path = CircularProgressGridView.swift; sourceTree = "<group>"; };
		BB22E1AB277C0C52005853F2 /* StatisticsContainerView.swift */ = {isa = PBXFileReference; lastKnownFileType = sourcecode.swift; path = StatisticsContainerView.swift; sourceTree = "<group>"; };
		BB22E1AD277C0CD7005853F2 /* StatisticsViewModel.swift */ = {isa = PBXFileReference; lastKnownFileType = sourcecode.swift; path = StatisticsViewModel.swift; sourceTree = "<group>"; };
		BB22E1B2277C13CF005853F2 /* StatsModel.swift */ = {isa = PBXFileReference; lastKnownFileType = sourcecode.swift; path = StatsModel.swift; sourceTree = "<group>"; };
		BB22E1B4277C146E005853F2 /* StatsView.swift */ = {isa = PBXFileReference; lastKnownFileType = sourcecode.swift; path = StatsView.swift; sourceTree = "<group>"; };
		BB22E1B6277C15AE005853F2 /* StatsGridView.swift */ = {isa = PBXFileReference; lastKnownFileType = sourcecode.swift; path = StatsGridView.swift; sourceTree = "<group>"; };
/* End PBXFileReference section */

/* Begin PBXFrameworksBuildPhase section */
		BB03169227779B8300FB108B /* Frameworks */ = {
			isa = PBXFrameworksBuildPhase;
			buildActionMask = 2147483647;
			files = (
			);
			runOnlyForDeploymentPostprocessing = 0;
		};
/* End PBXFrameworksBuildPhase section */

/* Begin PBXGroup section */
		BB03168C27779B8300FB108B = {
			isa = PBXGroup;
			children = (
				BB03169727779B8300FB108B /* TradingJournal */,
				BB03169627779B8300FB108B /* Products */,
			);
			sourceTree = "<group>";
		};
		BB03169627779B8300FB108B /* Products */ = {
			isa = PBXGroup;
			children = (
				BB03169527779B8300FB108B /* TradingJournal.app */,
			);
			name = Products;
			sourceTree = "<group>";
		};
		BB03169727779B8300FB108B /* TradingJournal */ = {
			isa = PBXGroup;
			children = (
				BB22E195277BEF96005853F2 /* Components */,
				BB22E18D277BE934005853F2 /* Utilities */,
				BB0316B027780D8100FB108B /* Services */,
				BB0316AC27780BD500FB108B /* Extensions */,
				BB0316AB27780BCB00FB108B /* Models */,
				BB0316B32778114300FB108B /* Core */,
				BB03169827779B8300FB108B /* TradingJournalApp.swift */,
				BB03169C27779B8500FB108B /* Assets.xcassets */,
				BB03169E27779B8500FB108B /* Preview Content */,
			);
			path = TradingJournal;
			sourceTree = "<group>";
		};
		BB03169E27779B8500FB108B /* Preview Content */ = {
			isa = PBXGroup;
			children = (
				BB03169F27779B8500FB108B /* Preview Assets.xcassets */,
			);
			path = "Preview Content";
			sourceTree = "<group>";
		};
		BB0316AB27780BCB00FB108B /* Models */ = {
			isa = PBXGroup;
			children = (
				BB0316AD27780CB200FB108B /* OptionTrades.xcdatamodeld */,
			);
			path = Models;
			sourceTree = "<group>";
		};
		BB0316AC27780BD500FB108B /* Extensions */ = {
			isa = PBXGroup;
			children = (
				BB0316A827779DEE00FB108B /* PreviewProvider.swift */,
				BB0316BA2778265300FB108B /* Date.swift */,
				BB0316BC277827F000FB108B /* Calender.swift */,
				BB0316BE2778292C00FB108B /* Double.swift */,
				BB0316CC27797AEA00FB108B /* Color.swift */,
			);
			path = Extensions;
			sourceTree = "<group>";
		};
		BB0316B027780D8100FB108B /* Services */ = {
			isa = PBXGroup;
			children = (
				BB0316B127780DAF00FB108B /* OptionTradeService.swift */,
			);
			path = Services;
			sourceTree = "<group>";
		};
		BB0316B32778114300FB108B /* Core */ = {
			isa = PBXGroup;
			children = (
				BB22E19B277C0677005853F2 /* Statistics */,
				BB22E190277BEDC0005853F2 /* TabBar */,
				BB22E198277C04DF005853F2 /* TradeDetail */,
				BB0316B52778116A00FB108B /* ViewModels */,
				BB0316B42778114E00FB108B /* Views */,
			);
			path = Core;
			sourceTree = "<group>";
		};
		BB0316B42778114E00FB108B /* Views */ = {
			isa = PBXGroup;
			children = (
				BB0316B62778118800FB108B /* OptionTradeRowView.swift */,
				BB0316C0277838A800FB108B /* OptionTradeView.swift */,
				BB0316C227783BEA00FB108B /* AddNewOptionView.swift */,
				BB0316CE2779812100FB108B /* CloseTradeView.swift */,
			);
			path = Views;
			sourceTree = "<group>";
		};
		BB0316B52778116A00FB108B /* ViewModels */ = {
			isa = PBXGroup;
			children = (
				BB0316B8277811B400FB108B /* OptionTradeViewModel.swift */,
			);
			path = ViewModels;
			sourceTree = "<group>";
		};
		BB22E18D277BE934005853F2 /* Utilities */ = {
			isa = PBXGroup;
			children = (
				BB22E18E277BE9B4005853F2 /* HapticManager.swift */,
			);
			path = Utilities;
			sourceTree = "<group>";
		};
		BB22E190277BEDC0005853F2 /* TabBar */ = {
			isa = PBXGroup;
			children = (
				BB22E1A1277C0739005853F2 /* Models */,
				BB22E1A0277C072E005853F2 /* Views */,
			);
			path = TabBar;
			sourceTree = "<group>";
		};
		BB22E195277BEF96005853F2 /* Components */ = {
			isa = PBXGroup;
			children = (
				BB22E196277BEFAC005853F2 /* BackgroundModifier.swift */,
			);
			path = Components;
			sourceTree = "<group>";
		};
		BB22E198277C04DF005853F2 /* TradeDetail */ = {
			isa = PBXGroup;
			children = (
				BB22E199277C0507005853F2 /* Views */,
				BB22E19A277C050E005853F2 /* ViewModels */,
			);
			path = TradeDetail;
			sourceTree = "<group>";
		};
		BB22E199277C0507005853F2 /* Views */ = {
			isa = PBXGroup;
			children = (
				BB0316C4277850BD00FB108B /* OptionDetailView.swift */,
			);
			path = Views;
			sourceTree = "<group>";
		};
		BB22E19A277C050E005853F2 /* ViewModels */ = {
			isa = PBXGroup;
			children = (
				BB0316CA277853A000FB108B /* OptionDetailViewModel.swift */,
			);
			path = ViewModels;
			sourceTree = "<group>";
		};
		BB22E19B277C0677005853F2 /* Statistics */ = {
			isa = PBXGroup;
			children = (
				BB22E1AF277C13A0005853F2 /* Stats */,
				BB22E1A8277C0C04005853F2 /* CircularProgress */,
				BB22E19C277C0684005853F2 /* Views */,
				BB22E1A2277C0755005853F2 /* Models */,
				BB22E19D277C068E005853F2 /* ViewModels */,
			);
			path = Statistics;
			sourceTree = "<group>";
		};
		BB22E19C277C0684005853F2 /* Views */ = {
			isa = PBXGroup;
			children = (
				BB22E1AB277C0C52005853F2 /* StatisticsContainerView.swift */,
			);
			path = Views;
			sourceTree = "<group>";
		};
		BB22E19D277C068E005853F2 /* ViewModels */ = {
			isa = PBXGroup;
			children = (
				BB22E1AD277C0CD7005853F2 /* StatisticsViewModel.swift */,
			);
			path = ViewModels;
			sourceTree = "<group>";
		};
		BB22E1A0277C072E005853F2 /* Views */ = {
			isa = PBXGroup;
			children = (
				BB22E191277BEDE4005853F2 /* TabBarView.swift */,
			);
			path = Views;
			sourceTree = "<group>";
		};
		BB22E1A1277C0739005853F2 /* Models */ = {
			isa = PBXGroup;
			children = (
				BB22E193277BEE01005853F2 /* TabBarItems.swift */,
			);
			path = Models;
			sourceTree = "<group>";
		};
		BB22E1A2277C0755005853F2 /* Models */ = {
			isa = PBXGroup;
			children = (
			);
			path = Models;
			sourceTree = "<group>";
		};
		BB22E1A8277C0C04005853F2 /* CircularProgress */ = {
			isa = PBXGroup;
			children = (
				BB22E1A9277C0C13005853F2 /* Views */,
				BB22E1AA277C0C1A005853F2 /* Models */,
			);
			path = CircularProgress;
			sourceTree = "<group>";
		};
		BB22E1A9277C0C13005853F2 /* Views */ = {
			isa = PBXGroup;
			children = (
				BB22E19E277C06EF005853F2 /* CircularProgressView.swift */,
				BB22E1A5277C0AAC005853F2 /* CircularProgressGridView.swift */,
			);
			path = Views;
			sourceTree = "<group>";
		};
		BB22E1AA277C0C1A005853F2 /* Models */ = {
			isa = PBXGroup;
			children = (
				BB22E1A3277C0790005853F2 /* CircularProgressModel.swift */,
			);
			path = Models;
			sourceTree = "<group>";
		};
		BB22E1AF277C13A0005853F2 /* Stats */ = {
			isa = PBXGroup;
			children = (
				BB22E1B0277C13AC005853F2 /* Views */,
				BB22E1B1277C13B2005853F2 /* Models */,
			);
			path = Stats;
			sourceTree = "<group>";
		};
		BB22E1B0277C13AC005853F2 /* Views */ = {
			isa = PBXGroup;
			children = (
				BB22E1B4277C146E005853F2 /* StatsView.swift */,
				BB22E1B6277C15AE005853F2 /* StatsGridView.swift */,
			);
			path = Views;
			sourceTree = "<group>";
		};
		BB22E1B1277C13B2005853F2 /* Models */ = {
			isa = PBXGroup;
			children = (
				BB22E1B2277C13CF005853F2 /* StatsModel.swift */,
			);
			path = Models;
			sourceTree = "<group>";
		};
/* End PBXGroup section */

/* Begin PBXNativeTarget section */
		BB03169427779B8300FB108B /* TradingJournal */ = {
			isa = PBXNativeTarget;
			buildConfigurationList = BB0316A327779B8500FB108B /* Build configuration list for PBXNativeTarget "TradingJournal" */;
			buildPhases = (
				BB03169127779B8300FB108B /* Sources */,
				BB03169227779B8300FB108B /* Frameworks */,
				BB03169327779B8300FB108B /* Resources */,
			);
			buildRules = (
			);
			dependencies = (
			);
			name = TradingJournal;
			productName = TradingJournal;
			productReference = BB03169527779B8300FB108B /* TradingJournal.app */;
			productType = "com.apple.product-type.application";
		};
/* End PBXNativeTarget section */

/* Begin PBXProject section */
		BB03168D27779B8300FB108B /* Project object */ = {
			isa = PBXProject;
			attributes = {
				BuildIndependentTargetsInParallel = 1;
				LastSwiftUpdateCheck = 1310;
				LastUpgradeCheck = 1310;
				TargetAttributes = {
					BB03169427779B8300FB108B = {
						CreatedOnToolsVersion = 13.1;
					};
				};
			};
			buildConfigurationList = BB03169027779B8300FB108B /* Build configuration list for PBXProject "TradingJournal" */;
			compatibilityVersion = "Xcode 13.0";
			developmentRegion = en;
			hasScannedForEncodings = 0;
			knownRegions = (
				en,
				Base,
			);
			mainGroup = BB03168C27779B8300FB108B;
			productRefGroup = BB03169627779B8300FB108B /* Products */;
			projectDirPath = "";
			projectRoot = "";
			targets = (
				BB03169427779B8300FB108B /* TradingJournal */,
			);
		};
/* End PBXProject section */

/* Begin PBXResourcesBuildPhase section */
		BB03169327779B8300FB108B /* Resources */ = {
			isa = PBXResourcesBuildPhase;
			buildActionMask = 2147483647;
			files = (
				BB0316A027779B8500FB108B /* Preview Assets.xcassets in Resources */,
				BB03169D27779B8500FB108B /* Assets.xcassets in Resources */,
			);
			runOnlyForDeploymentPostprocessing = 0;
		};
/* End PBXResourcesBuildPhase section */

/* Begin PBXSourcesBuildPhase section */
		BB03169127779B8300FB108B /* Sources */ = {
			isa = PBXSourcesBuildPhase;
			buildActionMask = 2147483647;
			files = (
				BB0316B227780DAF00FB108B /* OptionTradeService.swift in Sources */,
				BB0316C5277850BD00FB108B /* OptionDetailView.swift in Sources */,
				BB0316CF2779812100FB108B /* CloseTradeView.swift in Sources */,
				BB0316B9277811B400FB108B /* OptionTradeViewModel.swift in Sources */,
				BB22E1B3277C13CF005853F2 /* StatsModel.swift in Sources */,
				BB22E1A4277C0790005853F2 /* CircularProgressModel.swift in Sources */,
				BB22E18F277BE9B4005853F2 /* HapticManager.swift in Sources */,
				BB0316A927779DEE00FB108B /* PreviewProvider.swift in Sources */,
				BB22E197277BEFAC005853F2 /* BackgroundModifier.swift in Sources */,
				BB22E194277BEE01005853F2 /* TabBarItems.swift in Sources */,
				BB0316AF27780CB200FB108B /* OptionTrades.xcdatamodeld in Sources */,
				BB22E1B5277C146E005853F2 /* StatsView.swift in Sources */,
				BB22E19F277C06EF005853F2 /* CircularProgressView.swift in Sources */,
				BB22E1A6277C0AAC005853F2 /* CircularProgressGridView.swift in Sources */,
				BB22E1B7277C15AE005853F2 /* StatsGridView.swift in Sources */,
				BB0316C327783BEA00FB108B /* AddNewOptionView.swift in Sources */,
				BB22E1AC277C0C52005853F2 /* StatisticsContainerView.swift in Sources */,
				BB0316CB277853A000FB108B /* OptionDetailViewModel.swift in Sources */,
				BB0316B72778118800FB108B /* OptionTradeRowView.swift in Sources */,
				BB03169927779B8300FB108B /* TradingJournalApp.swift in Sources */,
				BB0316BB2778265400FB108B /* Date.swift in Sources */,
				BB0316C1277838A800FB108B /* OptionTradeView.swift in Sources */,
				BB22E1AE277C0CD7005853F2 /* StatisticsViewModel.swift in Sources */,
				BB0316BF2778292C00FB108B /* Double.swift in Sources */,
				BB0316BD277827F000FB108B /* Calender.swift in Sources */,
				BB22E192277BEDE4005853F2 /* TabBarView.swift in Sources */,
				BB0316CD27797AEA00FB108B /* Color.swift in Sources */,
			);
			runOnlyForDeploymentPostprocessing = 0;
		};
/* End PBXSourcesBuildPhase section */

/* Begin XCBuildConfiguration section */
		BB0316A127779B8500FB108B /* Debug */ = {
			isa = XCBuildConfiguration;
			buildSettings = {
				ALWAYS_SEARCH_USER_PATHS = NO;
				CLANG_ANALYZER_NONNULL = YES;
				CLANG_ANALYZER_NUMBER_OBJECT_CONVERSION = YES_AGGRESSIVE;
				CLANG_CXX_LANGUAGE_STANDARD = "gnu++17";
				CLANG_CXX_LIBRARY = "libc++";
				CLANG_ENABLE_MODULES = YES;
				CLANG_ENABLE_OBJC_ARC = YES;
				CLANG_ENABLE_OBJC_WEAK = YES;
				CLANG_WARN_BLOCK_CAPTURE_AUTORELEASING = YES;
				CLANG_WARN_BOOL_CONVERSION = YES;
				CLANG_WARN_COMMA = YES;
				CLANG_WARN_CONSTANT_CONVERSION = YES;
				CLANG_WARN_DEPRECATED_OBJC_IMPLEMENTATIONS = YES;
				CLANG_WARN_DIRECT_OBJC_ISA_USAGE = YES_ERROR;
				CLANG_WARN_DOCUMENTATION_COMMENTS = YES;
				CLANG_WARN_EMPTY_BODY = YES;
				CLANG_WARN_ENUM_CONVERSION = YES;
				CLANG_WARN_INFINITE_RECURSION = YES;
				CLANG_WARN_INT_CONVERSION = YES;
				CLANG_WARN_NON_LITERAL_NULL_CONVERSION = YES;
				CLANG_WARN_OBJC_IMPLICIT_RETAIN_SELF = YES;
				CLANG_WARN_OBJC_LITERAL_CONVERSION = YES;
				CLANG_WARN_OBJC_ROOT_CLASS = YES_ERROR;
				CLANG_WARN_QUOTED_INCLUDE_IN_FRAMEWORK_HEADER = YES;
				CLANG_WARN_RANGE_LOOP_ANALYSIS = YES;
				CLANG_WARN_STRICT_PROTOTYPES = YES;
				CLANG_WARN_SUSPICIOUS_MOVE = YES;
				CLANG_WARN_UNGUARDED_AVAILABILITY = YES_AGGRESSIVE;
				CLANG_WARN_UNREACHABLE_CODE = YES;
				CLANG_WARN__DUPLICATE_METHOD_MATCH = YES;
				COPY_PHASE_STRIP = NO;
				DEBUG_INFORMATION_FORMAT = dwarf;
				ENABLE_STRICT_OBJC_MSGSEND = YES;
				ENABLE_TESTABILITY = YES;
				GCC_C_LANGUAGE_STANDARD = gnu11;
				GCC_DYNAMIC_NO_PIC = NO;
				GCC_NO_COMMON_BLOCKS = YES;
				GCC_OPTIMIZATION_LEVEL = 0;
				GCC_PREPROCESSOR_DEFINITIONS = (
					"DEBUG=1",
					"$(inherited)",
				);
				GCC_WARN_64_TO_32_BIT_CONVERSION = YES;
				GCC_WARN_ABOUT_RETURN_TYPE = YES_ERROR;
				GCC_WARN_UNDECLARED_SELECTOR = YES;
				GCC_WARN_UNINITIALIZED_AUTOS = YES_AGGRESSIVE;
				GCC_WARN_UNUSED_FUNCTION = YES;
				GCC_WARN_UNUSED_VARIABLE = YES;
				IPHONEOS_DEPLOYMENT_TARGET = 15.0;
				MTL_ENABLE_DEBUG_INFO = INCLUDE_SOURCE;
				MTL_FAST_MATH = YES;
				ONLY_ACTIVE_ARCH = YES;
				SDKROOT = iphoneos;
				SWIFT_ACTIVE_COMPILATION_CONDITIONS = DEBUG;
				SWIFT_OPTIMIZATION_LEVEL = "-Onone";
			};
			name = Debug;
		};
		BB0316A227779B8500FB108B /* Release */ = {
			isa = XCBuildConfiguration;
			buildSettings = {
				ALWAYS_SEARCH_USER_PATHS = NO;
				CLANG_ANALYZER_NONNULL = YES;
				CLANG_ANALYZER_NUMBER_OBJECT_CONVERSION = YES_AGGRESSIVE;
				CLANG_CXX_LANGUAGE_STANDARD = "gnu++17";
				CLANG_CXX_LIBRARY = "libc++";
				CLANG_ENABLE_MODULES = YES;
				CLANG_ENABLE_OBJC_ARC = YES;
				CLANG_ENABLE_OBJC_WEAK = YES;
				CLANG_WARN_BLOCK_CAPTURE_AUTORELEASING = YES;
				CLANG_WARN_BOOL_CONVERSION = YES;
				CLANG_WARN_COMMA = YES;
				CLANG_WARN_CONSTANT_CONVERSION = YES;
				CLANG_WARN_DEPRECATED_OBJC_IMPLEMENTATIONS = YES;
				CLANG_WARN_DIRECT_OBJC_ISA_USAGE = YES_ERROR;
				CLANG_WARN_DOCUMENTATION_COMMENTS = YES;
				CLANG_WARN_EMPTY_BODY = YES;
				CLANG_WARN_ENUM_CONVERSION = YES;
				CLANG_WARN_INFINITE_RECURSION = YES;
				CLANG_WARN_INT_CONVERSION = YES;
				CLANG_WARN_NON_LITERAL_NULL_CONVERSION = YES;
				CLANG_WARN_OBJC_IMPLICIT_RETAIN_SELF = YES;
				CLANG_WARN_OBJC_LITERAL_CONVERSION = YES;
				CLANG_WARN_OBJC_ROOT_CLASS = YES_ERROR;
				CLANG_WARN_QUOTED_INCLUDE_IN_FRAMEWORK_HEADER = YES;
				CLANG_WARN_RANGE_LOOP_ANALYSIS = YES;
				CLANG_WARN_STRICT_PROTOTYPES = YES;
				CLANG_WARN_SUSPICIOUS_MOVE = YES;
				CLANG_WARN_UNGUARDED_AVAILABILITY = YES_AGGRESSIVE;
				CLANG_WARN_UNREACHABLE_CODE = YES;
				CLANG_WARN__DUPLICATE_METHOD_MATCH = YES;
				COPY_PHASE_STRIP = NO;
				DEBUG_INFORMATION_FORMAT = "dwarf-with-dsym";
				ENABLE_NS_ASSERTIONS = NO;
				ENABLE_STRICT_OBJC_MSGSEND = YES;
				GCC_C_LANGUAGE_STANDARD = gnu11;
				GCC_NO_COMMON_BLOCKS = YES;
				GCC_WARN_64_TO_32_BIT_CONVERSION = YES;
				GCC_WARN_ABOUT_RETURN_TYPE = YES_ERROR;
				GCC_WARN_UNDECLARED_SELECTOR = YES;
				GCC_WARN_UNINITIALIZED_AUTOS = YES_AGGRESSIVE;
				GCC_WARN_UNUSED_FUNCTION = YES;
				GCC_WARN_UNUSED_VARIABLE = YES;
				IPHONEOS_DEPLOYMENT_TARGET = 15.0;
				MTL_ENABLE_DEBUG_INFO = NO;
				MTL_FAST_MATH = YES;
				SDKROOT = iphoneos;
				SWIFT_COMPILATION_MODE = wholemodule;
				SWIFT_OPTIMIZATION_LEVEL = "-O";
				VALIDATE_PRODUCT = YES;
			};
			name = Release;
		};
		BB0316A427779B8500FB108B /* Debug */ = {
			isa = XCBuildConfiguration;
			buildSettings = {
				ASSETCATALOG_COMPILER_APPICON_NAME = AppIcon;
				ASSETCATALOG_COMPILER_GLOBAL_ACCENT_COLOR_NAME = AccentColor;
				CODE_SIGN_STYLE = Automatic;
				CURRENT_PROJECT_VERSION = 1;
				DEVELOPMENT_ASSET_PATHS = "\"TradingJournal/Preview Content\"";
				DEVELOPMENT_TEAM = C6AQM8MP6F;
				ENABLE_PREVIEWS = YES;
				GENERATE_INFOPLIST_FILE = YES;
				INFOPLIST_KEY_UIApplicationSceneManifest_Generation = YES;
				INFOPLIST_KEY_UIApplicationSupportsIndirectInputEvents = YES;
				INFOPLIST_KEY_UILaunchScreen_Generation = YES;
				INFOPLIST_KEY_UISupportedInterfaceOrientations_iPad = "UIInterfaceOrientationPortrait UIInterfaceOrientationPortraitUpsideDown UIInterfaceOrientationLandscapeLeft UIInterfaceOrientationLandscapeRight";
				INFOPLIST_KEY_UISupportedInterfaceOrientations_iPhone = "UIInterfaceOrientationPortrait UIInterfaceOrientationLandscapeLeft UIInterfaceOrientationLandscapeRight";
				LD_RUNPATH_SEARCH_PATHS = (
					"$(inherited)",
					"@executable_path/Frameworks",
				);
				MARKETING_VERSION = 1.0;
				PRODUCT_BUNDLE_IDENTIFIER = com.somesharora.TradingJournal;
				PRODUCT_NAME = "$(TARGET_NAME)";
				SWIFT_EMIT_LOC_STRINGS = YES;
				SWIFT_VERSION = 5.0;
				TARGETED_DEVICE_FAMILY = "1,2";
			};
			name = Debug;
		};
		BB0316A527779B8500FB108B /* Release */ = {
			isa = XCBuildConfiguration;
			buildSettings = {
				ASSETCATALOG_COMPILER_APPICON_NAME = AppIcon;
				ASSETCATALOG_COMPILER_GLOBAL_ACCENT_COLOR_NAME = AccentColor;
				CODE_SIGN_STYLE = Automatic;
				CURRENT_PROJECT_VERSION = 1;
				DEVELOPMENT_ASSET_PATHS = "\"TradingJournal/Preview Content\"";
				DEVELOPMENT_TEAM = C6AQM8MP6F;
				ENABLE_PREVIEWS = YES;
				GENERATE_INFOPLIST_FILE = YES;
				INFOPLIST_KEY_UIApplicationSceneManifest_Generation = YES;
				INFOPLIST_KEY_UIApplicationSupportsIndirectInputEvents = YES;
				INFOPLIST_KEY_UILaunchScreen_Generation = YES;
				INFOPLIST_KEY_UISupportedInterfaceOrientations_iPad = "UIInterfaceOrientationPortrait UIInterfaceOrientationPortraitUpsideDown UIInterfaceOrientationLandscapeLeft UIInterfaceOrientationLandscapeRight";
				INFOPLIST_KEY_UISupportedInterfaceOrientations_iPhone = "UIInterfaceOrientationPortrait UIInterfaceOrientationLandscapeLeft UIInterfaceOrientationLandscapeRight";
				LD_RUNPATH_SEARCH_PATHS = (
					"$(inherited)",
					"@executable_path/Frameworks",
				);
				MARKETING_VERSION = 1.0;
				PRODUCT_BUNDLE_IDENTIFIER = com.somesharora.TradingJournal;
				PRODUCT_NAME = "$(TARGET_NAME)";
				SWIFT_EMIT_LOC_STRINGS = YES;
				SWIFT_VERSION = 5.0;
				TARGETED_DEVICE_FAMILY = "1,2";
			};
			name = Release;
		};
/* End XCBuildConfiguration section */

/* Begin XCConfigurationList section */
		BB03169027779B8300FB108B /* Build configuration list for PBXProject "TradingJournal" */ = {
			isa = XCConfigurationList;
			buildConfigurations = (
				BB0316A127779B8500FB108B /* Debug */,
				BB0316A227779B8500FB108B /* Release */,
			);
			defaultConfigurationIsVisible = 0;
			defaultConfigurationName = Release;
		};
		BB0316A327779B8500FB108B /* Build configuration list for PBXNativeTarget "TradingJournal" */ = {
			isa = XCConfigurationList;
			buildConfigurations = (
				BB0316A427779B8500FB108B /* Debug */,
				BB0316A527779B8500FB108B /* Release */,
			);
			defaultConfigurationIsVisible = 0;
			defaultConfigurationName = Release;
		};
/* End XCConfigurationList section */

/* Begin XCVersionGroup section */
		BB0316AD27780CB200FB108B /* OptionTrades.xcdatamodeld */ = {
			isa = XCVersionGroup;
			children = (
				BB0316AE27780CB200FB108B /* OptionTrades.xcdatamodel */,
			);
			currentVersion = BB0316AE27780CB200FB108B /* OptionTrades.xcdatamodel */;
			path = OptionTrades.xcdatamodeld;
			sourceTree = "<group>";
			versionGroupType = wrapper.xcdatamodel;
		};
/* End XCVersionGroup section */
	};
	rootObject = BB03168D27779B8300FB108B /* Project object */;
}
